{
  "name": "edip",
  "version": "0.0.1",
  "lockfileVersion": 3,
  "requires": true,
  "packages": {
    "": {
      "name": "edip",
      "version": "0.0.1",
      "dependencies": {
        "@xmldom/xmldom": "^0.9.3",
        "papaparse": "^5.4.1",
        "xpath": "0.0.34"
      }
    },
    "node_modules/@xmldom/xmldom": {
      "version": "0.9.3",
      "resolved": "https://registry.npmjs.org/@xmldom/xmldom/-/xmldom-0.9.3.tgz",
      "integrity": "sha512-W7fOe0N+t2eyL9sjDE+7bBNo/NZg6U6aU0Rp8wwQV8TRkzLnX13SvROoyJMAH0Kcm9G1DX9b1XI4LxwKxowsXw==",
      "engines": {
        "node": ">=14.6"
      }
    },
    "node_modules/papaparse": {
      "version": "5.4.1",
      "resolved": "https://registry.npmjs.org/papaparse/-/papaparse-5.4.1.tgz",
      "integrity": "sha512-HipMsgJkZu8br23pW15uvo6sib6wne/4woLZPlFf3rpDyMe9ywEXUsuD7+6K9PRkJlVT51j/sCOYDKGGS3ZJrw=="
    },
    "node_modules/xpath": {
      "version": "0.0.34",
      "resolved": "https://registry.npmjs.org/xpath/-/xpath-0.0.34.tgz",
      "integrity": "sha512-FxF6+rkr1rNSQrhUNYrAFJpRXNzlDoMxeXN5qI84939ylEv3qqPFKa85Oxr6tDaJKqwW6KKyo2v26TSv3k6LeA==",
      "engines": {
        "node": ">=0.6.0"
      }
    }
  }
}
